{
  "name": "careerbot",
  "lockfileVersion": 2,
  "requires": true,
  "packages": {
    "": {
      "dependencies": {
        "wink-eng-lite-web-model": "^1.4.1",
        "wink-nlp": "^1.12.0"
      }
    },
    "node_modules/wink-eng-lite-web-model": {
      "version": "1.4.1",
      "resolved": "https://registry.npmjs.org/wink-eng-lite-web-model/-/wink-eng-lite-web-model-1.4.1.tgz",
      "integrity": "sha512-nfQaRNhqx1b5kPRGM2HY4c5qcbB4ygndDG+YJkeVXqKggsALUtjj2CD+D5lknzKIaBIhhdeDfyFNXUs8Dab1Vg==",
      "engines": {
        "node": ">=16.0.0"
      },
      "peerDependencies": {
        "wink-nlp": ">1.8.1"
      }
    },
    "node_modules/wink-nlp": {
      "version": "1.12.0",
      "resolved": "https://registry.npmjs.org/wink-nlp/-/wink-nlp-1.12.0.tgz",
      "integrity": "sha512-HwP1rVGJ+IfkC7naeKCRnhjXNO9vhHCuIYeunFIO8MutXUD4yLkkjwwGM8J+apfWdUogopbcHyPRIPvUQdRheQ=="
    }
  },
  "dependencies": {
    "wink-eng-lite-web-model": {
      "version": "1.4.1",
      "resolved": "https://registry.npmjs.org/wink-eng-lite-web-model/-/wink-eng-lite-web-model-1.4.1.tgz",
      "integrity": "sha512-nfQaRNhqx1b5kPRGM2HY4c5qcbB4ygndDG+YJkeVXqKggsALUtjj2CD+D5lknzKIaBIhhdeDfyFNXUs8Dab1Vg==",
      "requires": {}
    },
    "wink-nlp": {
      "version": "1.12.0",
      "resolved": "https://registry.npmjs.org/wink-nlp/-/wink-nlp-1.12.0.tgz",
      "integrity": "sha512-HwP1rVGJ+IfkC7naeKCRnhjXNO9vhHCuIYeunFIO8MutXUD4yLkkjwwGM8J+apfWdUogopbcHyPRIPvUQdRheQ=="
    }
  }
}
